// !$*UTF8*$!
{
	archiveVersion = 1;
	classes = {
	};
	objectVersion = 50;
	objects = {

/* Begin PBXBuildFile section */
		0C4A42DD0D476CE86DCF22C1 /* Pods_StanwoodAssignment.framework in Frameworks */ = {isa = PBXBuildFile; fileRef = 0C4F814FFC0CF14F8DBBADA8 /* Pods_StanwoodAssignment.framework */; };
		65FB511120E255910012C800 /* AppDelegate.swift in Sources */ = {isa = PBXBuildFile; fileRef = 65FB511020E255910012C800 /* AppDelegate.swift */; };
		65FB511320E255910012C800 /* ViewController.swift in Sources */ = {isa = PBXBuildFile; fileRef = 65FB511220E255910012C800 /* ViewController.swift */; };
		65FB511620E255910012C800 /* Main.storyboard in Resources */ = {isa = PBXBuildFile; fileRef = 65FB511420E255910012C800 /* Main.storyboard */; };
		65FB511820E255920012C800 /* Assets.xcassets in Resources */ = {isa = PBXBuildFile; fileRef = 65FB511720E255920012C800 /* Assets.xcassets */; };
		65FB511B20E255920012C800 /* LaunchScreen.storyboard in Resources */ = {isa = PBXBuildFile; fileRef = 65FB511920E255920012C800 /* LaunchScreen.storyboard */; };
		65FB512320E25B5F0012C800 /* MainCVC.swift in Sources */ = {isa = PBXBuildFile; fileRef = 65FB512220E25B5F0012C800 /* MainCVC.swift */; };
		65FB512520E25BA40012C800 /* MainDetailsTVC.swift in Sources */ = {isa = PBXBuildFile; fileRef = 65FB512420E25BA40012C800 /* MainDetailsTVC.swift */; };
		65FB512720E25BC90012C800 /* WebVC.swift in Sources */ = {isa = PBXBuildFile; fileRef = 65FB512620E25BC90012C800 /* WebVC.swift */; };
		65FB512920E2604F0012C800 /* Network.swift in Sources */ = {isa = PBXBuildFile; fileRef = 65FB512820E2604F0012C800 /* Network.swift */; };
		65FB512B20E261890012C800 /* ActivityIndicatorManager.swift in Sources */ = {isa = PBXBuildFile; fileRef = 65FB512A20E261890012C800 /* ActivityIndicatorManager.swift */; };
/* End PBXBuildFile section */

/* Begin PBXFileReference section */
		0C4F814FFC0CF14F8DBBADA8 /* Pods_StanwoodAssignment.framework */ = {isa = PBXFileReference; explicitFileType = wrapper.framework; includeInIndex = 0; path = Pods_StanwoodAssignment.framework; sourceTree = BUILT_PRODUCTS_DIR; };
		0FAC942DD8B3B15C4637237B /* Pods-StanwoodAssignment.debug.xcconfig */ = {isa = PBXFileReference; includeInIndex = 1; lastKnownFileType = text.xcconfig; name = "Pods-StanwoodAssignment.debug.xcconfig"; path = "Pods/Target Support Files/Pods-StanwoodAssignment/Pods-StanwoodAssignment.debug.xcconfig"; sourceTree = "<group>"; };
		65FB510D20E255910012C800 /* StanwoodAssignment.app */ = {isa = PBXFileReference; explicitFileType = wrapper.application; includeInIndex = 0; path = StanwoodAssignment.app; sourceTree = BUILT_PRODUCTS_DIR; };
		65FB511020E255910012C800 /* AppDelegate.swift */ = {isa = PBXFileReference; lastKnownFileType = sourcecode.swift; path = AppDelegate.swift; sourceTree = "<group>"; };
		65FB511220E255910012C800 /* ViewController.swift */ = {isa = PBXFileReference; lastKnownFileType = sourcecode.swift; path = ViewController.swift; sourceTree = "<group>"; };
		65FB511520E255910012C800 /* Base */ = {isa = PBXFileReference; lastKnownFileType = file.storyboard; name = Base; path = Base.lproj/Main.storyboard; sourceTree = "<group>"; };
		65FB511720E255920012C800 /* Assets.xcassets */ = {isa = PBXFileReference; lastKnownFileType = folder.assetcatalog; path = Assets.xcassets; sourceTree = "<group>"; };
		65FB511A20E255920012C800 /* Base */ = {isa = PBXFileReference; lastKnownFileType = file.storyboard; name = Base; path = Base.lproj/LaunchScreen.storyboard; sourceTree = "<group>"; };
		65FB511C20E255920012C800 /* Info.plist */ = {isa = PBXFileReference; lastKnownFileType = text.plist.xml; path = Info.plist; sourceTree = "<group>"; };
		65FB512220E25B5F0012C800 /* MainCVC.swift */ = {isa = PBXFileReference; lastKnownFileType = sourcecode.swift; path = MainCVC.swift; sourceTree = "<group>"; };
		65FB512420E25BA40012C800 /* MainDetailsTVC.swift */ = {isa = PBXFileReference; lastKnownFileType = sourcecode.swift; path = MainDetailsTVC.swift; sourceTree = "<group>"; };
		65FB512620E25BC90012C800 /* WebVC.swift */ = {isa = PBXFileReference; lastKnownFileType = sourcecode.swift; path = WebVC.swift; sourceTree = "<group>"; };
		65FB512820E2604F0012C800 /* Network.swift */ = {isa = PBXFileReference; lastKnownFileType = sourcecode.swift; path = Network.swift; sourceTree = "<group>"; };
		65FB512A20E261890012C800 /* ActivityIndicatorManager.swift */ = {isa = PBXFileReference; lastKnownFileType = sourcecode.swift; path = ActivityIndicatorManager.swift; sourceTree = "<group>"; };
		E5A18FE90DE146985291F41E /* Pods-StanwoodAssignment.release.xcconfig */ = {isa = PBXFileReference; includeInIndex = 1; lastKnownFileType = text.xcconfig; name = "Pods-StanwoodAssignment.release.xcconfig"; path = "Pods/Target Support Files/Pods-StanwoodAssignment/Pods-StanwoodAssignment.release.xcconfig"; sourceTree = "<group>"; };
/* End PBXFileReference section */

/* Begin PBXFrameworksBuildPhase section */
		65FB510A20E255910012C800 /* Frameworks */ = {
			isa = PBXFrameworksBuildPhase;
			buildActionMask = 2147483647;
			files = (
				0C4A42DD0D476CE86DCF22C1 /* Pods_StanwoodAssignment.framework in Frameworks */,
			);
			runOnlyForDeploymentPostprocessing = 0;
		};
/* End PBXFrameworksBuildPhase section */

/* Begin PBXGroup section */
		522ABE5F7525FE68D1BC8B23 /* Pods */ = {
			isa = PBXGroup;
			children = (
				0FAC942DD8B3B15C4637237B /* Pods-StanwoodAssignment.debug.xcconfig */,
				E5A18FE90DE146985291F41E /* Pods-StanwoodAssignment.release.xcconfig */,
			);
			name = Pods;
			sourceTree = "<group>";
		};
		65FB510420E255910012C800 = {
			isa = PBXGroup;
			children = (
				65FB510F20E255910012C800 /* StanwoodAssignment */,
				65FB510E20E255910012C800 /* Products */,
				522ABE5F7525FE68D1BC8B23 /* Pods */,
				6EFB267C7BE87760EBE43AF8 /* Frameworks */,
			);
			sourceTree = "<group>";
		};
		65FB510E20E255910012C800 /* Products */ = {
			isa = PBXGroup;
			children = (
				65FB510D20E255910012C800 /* StanwoodAssignment.app */,
			);
			name = Products;
			sourceTree = "<group>";
		};
		65FB510F20E255910012C800 /* StanwoodAssignment */ = {
			isa = PBXGroup;
			children = (
				65FB511020E255910012C800 /* AppDelegate.swift */,
				65FB511220E255910012C800 /* ViewController.swift */,
				65FB511420E255910012C800 /* Main.storyboard */,
				65FB512220E25B5F0012C800 /* MainCVC.swift */,
				65FB512420E25BA40012C800 /* MainDetailsTVC.swift */,
				65FB512620E25BC90012C800 /* WebVC.swift */,
				65FB512820E2604F0012C800 /* Network.swift */,
				65FB512A20E261890012C800 /* ActivityIndicatorManager.swift */,
				65FB511720E255920012C800 /* Assets.xcassets */,
				65FB511920E255920012C800 /* LaunchScreen.storyboard */,
				65FB511C20E255920012C800 /* Info.plist */,
			);
			path = StanwoodAssignment;
			sourceTree = "<group>";
		};
		6EFB267C7BE87760EBE43AF8 /* Frameworks */ = {
			isa = PBXGroup;
			children = (
				0C4F814FFC0CF14F8DBBADA8 /* Pods_StanwoodAssignment.framework */,
			);
			name = Frameworks;
			sourceTree = "<group>";
		};
/* End PBXGroup section */

/* Begin PBXNativeTarget section */
		65FB510C20E255910012C800 /* StanwoodAssignment */ = {
			isa = PBXNativeTarget;
			buildConfigurationList = 65FB511F20E255920012C800 /* Build configuration list for PBXNativeTarget "StanwoodAssignment" */;
			buildPhases = (
				6511695477E28623FEFDC494 /* [CP] Check Pods Manifest.lock */,
				65FB510920E255910012C800 /* Sources */,
				65FB510A20E255910012C800 /* Frameworks */,
				65FB510B20E255910012C800 /* Resources */,
				DA8B6B52090D9DBEBBDE19B8 /* [CP] Embed Pods Frameworks */,
				CCC92AD9A0C83B32ADA83F88 /* [CP] Copy Pods Resources */,
			);
			buildRules = (
			);
			dependencies = (
			);
			name = StanwoodAssignment;
			productName = StanwoodAssignment;
			productReference = 65FB510D20E255910012C800 /* StanwoodAssignment.app */;
			productType = "com.apple.product-type.application";
		};
/* End PBXNativeTarget section */

/* Begin PBXProject section */
		65FB510520E255910012C800 /* Project object */ = {
			isa = PBXProject;
			attributes = {
				LastSwiftUpdateCheck = 0940;
				LastUpgradeCheck = 0940;
				ORGANIZATIONNAME = "Ben Milford";
				TargetAttributes = {
					65FB510C20E255910012C800 = {
						CreatedOnToolsVersion = 9.4.1;
					};
				};
			};
			buildConfigurationList = 65FB510820E255910012C800 /* Build configuration list for PBXProject "StanwoodAssignment" */;
			compatibilityVersion = "Xcode 9.3";
			developmentRegion = en;
			hasScannedForEncodings = 0;
			knownRegions = (
				en,
				Base,
			);
			mainGroup = 65FB510420E255910012C800;
			productRefGroup = 65FB510E20E255910012C800 /* Products */;
			projectDirPath = "";
			projectRoot = "";
			targets = (
				65FB510C20E255910012C800 /* StanwoodAssignment */,
			);
		};
/* End PBXProject section */

/* Begin PBXResourcesBuildPhase section */
		65FB510B20E255910012C800 /* Resources */ = {
			isa = PBXResourcesBuildPhase;
			buildActionMask = 2147483647;
			files = (
				65FB511B20E255920012C800 /* LaunchScreen.storyboard in Resources */,
				65FB511820E255920012C800 /* Assets.xcassets in Resources */,
				65FB511620E255910012C800 /* Main.storyboard in Resources */,
			);
			runOnlyForDeploymentPostprocessing = 0;
		};
/* End PBXResourcesBuildPhase section */

/* Begin PBXShellScriptBuildPhase section */
		6511695477E28623FEFDC494 /* [CP] Check Pods Manifest.lock */ = {
			isa = PBXShellScriptBuildPhase;
			buildActionMask = 2147483647;
			files = (
			);
			inputPaths = (
				"${PODS_PODFILE_DIR_PATH}/Podfile.lock",
				"${PODS_ROOT}/Manifest.lock",
			);
			name = "[CP] Check Pods Manifest.lock";
			outputPaths = (
				"$(DERIVED_FILE_DIR)/Pods-StanwoodAssignment-checkManifestLockResult.txt",
			);
			runOnlyForDeploymentPostprocessing = 0;
			shellPath = /bin/sh;
			shellScript = "diff \"${PODS_PODFILE_DIR_PATH}/Podfile.lock\" \"${PODS_ROOT}/Manifest.lock\" > /dev/null\nif [ $? != 0 ] ; then\n    # print error to STDERR\n    echo \"error: The sandbox is not in sync with the Podfile.lock. Run 'pod install' or update your CocoaPods installation.\" >&2\n    exit 1\nfi\n# This output is used by Xcode 'outputs' to avoid re-running this script phase.\necho \"SUCCESS\" > \"${SCRIPT_OUTPUT_FILE_0}\"\n";
			showEnvVarsInLog = 0;
		};
		CCC92AD9A0C83B32ADA83F88 /* [CP] Copy Pods Resources */ = {
			isa = PBXShellScriptBuildPhase;
			buildActionMask = 2147483647;
			files = (
			);
			inputPaths = (
			);
			name = "[CP] Copy Pods Resources";
			outputPaths = (
			);
			runOnlyForDeploymentPostprocessing = 0;
			shellPath = /bin/sh;
			shellScript = "\"${SRCROOT}/Pods/Target Support Files/Pods-StanwoodAssignment/Pods-StanwoodAssignment-resources.sh\"\n";
			showEnvVarsInLog = 0;
		};
		DA8B6B52090D9DBEBBDE19B8 /* [CP] Embed Pods Frameworks */ = {
			isa = PBXShellScriptBuildPhase;
			buildActionMask = 2147483647;
			files = (
			);
			inputPaths = (
				"${SRCROOT}/Pods/Target Support Files/Pods-StanwoodAssignment/Pods-StanwoodAssignment-frameworks.sh",
				"${BUILT_PRODUCTS_DIR}/Alamofire/Alamofire.framework",
				"${BUILT_PRODUCTS_DIR}/AlamofireImage/AlamofireImage.framework",
			);
			name = "[CP] Embed Pods Frameworks";
			outputPaths = (
				"${TARGET_BUILD_DIR}/${FRAMEWORKS_FOLDER_PATH}/Alamofire.framework",
				"${TARGET_BUILD_DIR}/${FRAMEWORKS_FOLDER_PATH}/AlamofireImage.framework",
			);
			runOnlyForDeploymentPostprocessing = 0;
			shellPath = /bin/sh;
			shellScript = "\"${SRCROOT}/Pods/Target Support Files/Pods-StanwoodAssignment/Pods-StanwoodAssignment-frameworks.sh\"\n";
			showEnvVarsInLog = 0;
		};
/* End PBXShellScriptBuildPhase section */

/* Begin PBXSourcesBuildPhase section */
		65FB510920E255910012C800 /* Sources */ = {
			isa = PBXSourcesBuildPhase;
			buildActionMask = 2147483647;
			files = (
				65FB511320E255910012C800 /* ViewController.swift in Sources */,
				65FB512320E25B5F0012C800 /* MainCVC.swift in Sources */,
				65FB512B20E261890012C800 /* ActivityIndicatorManager.swift in Sources */,
				65FB512920E2604F0012C800 /* Network.swift in Sources */,
				65FB512720E25BC90012C800 /* WebVC.swift in Sources */,
				65FB511120E255910012C800 /* AppDelegate.swift in Sources */,
				65FB512520E25BA40012C800 /* MainDetailsTVC.swift in Sources */,
			);
			runOnlyForDeploymentPostprocessing = 0;
		};
/* End PBXSourcesBuildPhase section */

/* Begin PBXVariantGroup section */
		65FB511420E255910012C800 /* Main.storyboard */ = {
			isa = PBXVariantGroup;
			children = (
				65FB511520E255910012C800 /* Base */,
			);
			name = Main.storyboard;
			sourceTree = "<group>";
		};
		65FB511920E255920012C800 /* LaunchScreen.storyboard */ = {
			isa = PBXVariantGroup;
			children = (
				65FB511A20E255920012C800 /* Base */,
			);
			name = LaunchScreen.storyboard;
			sourceTree = "<group>";
		};
/* End PBXVariantGroup section */

/* Begin XCBuildConfiguration section */
		65FB511D20E255920012C800 /* Debug */ = {
			isa = XCBuildConfiguration;
			buildSettings = {
				ALWAYS_SEARCH_USER_PATHS = NO;
				CLANG_ANALYZER_NONNULL = YES;
				CLANG_ANALYZER_NUMBER_OBJECT_CONVERSION = YES_AGGRESSIVE;
				CLANG_CXX_LANGUAGE_STANDARD = "gnu++14";
				CLANG_CXX_LIBRARY = "libc++";
				CLANG_ENABLE_MODULES = YES;
				CLANG_ENABLE_OBJC_ARC = YES;
				CLANG_ENABLE_OBJC_WEAK = YES;
				CLANG_WARN_BLOCK_CAPTURE_AUTORELEASING = YES;
				CLANG_WARN_BOOL_CONVERSION = YES;
				CLANG_WARN_COMMA = YES;
				CLANG_WARN_CONSTANT_CONVERSION = YES;
				CLANG_WARN_DEPRECATED_OBJC_IMPLEMENTATIONS = YES;
				CLANG_WARN_DIRECT_OBJC_ISA_USAGE = YES_ERROR;
				CLANG_WARN_DOCUMENTATION_COMMENTS = YES;
				CLANG_WARN_EMPTY_BODY = YES;
				CLANG_WARN_ENUM_CONVERSION = YES;
				CLANG_WARN_INFINITE_RECURSION = YES;
				CLANG_WARN_INT_CONVERSION = YES;
				CLANG_WARN_NON_LITERAL_NULL_CONVERSION = YES;
				CLANG_WARN_OBJC_IMPLICIT_RETAIN_SELF = YES;
				CLANG_WARN_OBJC_LITERAL_CONVERSION = YES;
				CLANG_WARN_OBJC_ROOT_CLASS = YES_ERROR;
				CLANG_WARN_RANGE_LOOP_ANALYSIS = YES;
				CLANG_WARN_STRICT_PROTOTYPES = YES;
				CLANG_WARN_SUSPICIOUS_MOVE = YES;
				CLANG_WARN_UNGUARDED_AVAILABILITY = YES_AGGRESSIVE;
				CLANG_WARN_UNREACHABLE_CODE = YES;
				CLANG_WARN__DUPLICATE_METHOD_MATCH = YES;
				CODE_SIGN_IDENTITY = "iPhone Developer";
				COPY_PHASE_STRIP = NO;
				DEBUG_INFORMATION_FORMAT = dwarf;
				ENABLE_STRICT_OBJC_MSGSEND = YES;
				ENABLE_TESTABILITY = YES;
				GCC_C_LANGUAGE_STANDARD = gnu11;
				GCC_DYNAMIC_NO_PIC = NO;
				GCC_NO_COMMON_BLOCKS = YES;
				GCC_OPTIMIZATION_LEVEL = 0;
				GCC_PREPROCESSOR_DEFINITIONS = (
					"DEBUG=1",
					"$(inherited)",
				);
				GCC_WARN_64_TO_32_BIT_CONVERSION = YES;
				GCC_WARN_ABOUT_RETURN_TYPE = YES_ERROR;
				GCC_WARN_UNDECLARED_SELECTOR = YES;
				GCC_WARN_UNINITIALIZED_AUTOS = YES_AGGRESSIVE;
				GCC_WARN_UNUSED_FUNCTION = YES;
				GCC_WARN_UNUSED_VARIABLE = YES;
				IPHONEOS_DEPLOYMENT_TARGET = 11.4;
				MTL_ENABLE_DEBUG_INFO = YES;
				ONLY_ACTIVE_ARCH = YES;
				SDKROOT = iphoneos;
				SWIFT_ACTIVE_COMPILATION_CONDITIONS = DEBUG;
				SWIFT_OPTIMIZATION_LEVEL = "-Onone";
			};
			name = Debug;
		};
		65FB511E20E255920012C800 /* Release */ = {
			isa = XCBuildConfiguration;
			buildSettings = {
				ALWAYS_SEARCH_USER_PATHS = NO;
				CLANG_ANALYZER_NONNULL = YES;
				CLANG_ANALYZER_NUMBER_OBJECT_CONVERSION = YES_AGGRESSIVE;
				CLANG_CXX_LANGUAGE_STANDARD = "gnu++14";
				CLANG_CXX_LIBRARY = "libc++";
				CLANG_ENABLE_MODULES = YES;
				CLANG_ENABLE_OBJC_ARC = YES;
				CLANG_ENABLE_OBJC_WEAK = YES;
				CLANG_WARN_BLOCK_CAPTURE_AUTORELEASING = YES;
				CLANG_WARN_BOOL_CONVERSION = YES;
				CLANG_WARN_COMMA = YES;
				CLANG_WARN_CONSTANT_CONVERSION = YES;
				CLANG_WARN_DEPRECATED_OBJC_IMPLEMENTATIONS = YES;
				CLANG_WARN_DIRECT_OBJC_ISA_USAGE = YES_ERROR;
				CLANG_WARN_DOCUMENTATION_COMMENTS = YES;
				CLANG_WARN_EMPTY_BODY = YES;
				CLANG_WARN_ENUM_CONVERSION = YES;
				CLANG_WARN_INFINITE_RECURSION = YES;
				CLANG_WARN_INT_CONVERSION = YES;
				CLANG_WARN_NON_LITERAL_NULL_CONVERSION = YES;
				CLANG_WARN_OBJC_IMPLICIT_RETAIN_SELF = YES;
				CLANG_WARN_OBJC_LITERAL_CONVERSION = YES;
				CLANG_WARN_OBJC_ROOT_CLASS = YES_ERROR;
				CLANG_WARN_RANGE_LOOP_ANALYSIS = YES;
				CLANG_WARN_STRICT_PROTOTYPES = YES;
				CLANG_WARN_SUSPICIOUS_MOVE = YES;
				CLANG_WARN_UNGUARDED_AVAILABILITY = YES_AGGRESSIVE;
				CLANG_WARN_UNREACHABLE_CODE = YES;
				CLANG_WARN__DUPLICATE_METHOD_MATCH = YES;
				CODE_SIGN_IDENTITY = "iPhone Developer";
				COPY_PHASE_STRIP = NO;
				DEBUG_INFORMATION_FORMAT = "dwarf-with-dsym";
				ENABLE_NS_ASSERTIONS = NO;
				ENABLE_STRICT_OBJC_MSGSEND = YES;
				GCC_C_LANGUAGE_STANDARD = gnu11;
				GCC_NO_COMMON_BLOCKS = YES;
				GCC_WARN_64_TO_32_BIT_CONVERSION = YES;
				GCC_WARN_ABOUT_RETURN_TYPE = YES_ERROR;
				GCC_WARN_UNDECLARED_SELECTOR = YES;
				GCC_WARN_UNINITIALIZED_AUTOS = YES_AGGRESSIVE;
				GCC_WARN_UNUSED_FUNCTION = YES;
				GCC_WARN_UNUSED_VARIABLE = YES;
				IPHONEOS_DEPLOYMENT_TARGET = 11.4;
				MTL_ENABLE_DEBUG_INFO = NO;
				SDKROOT = iphoneos;
				SWIFT_COMPILATION_MODE = wholemodule;
				SWIFT_OPTIMIZATION_LEVEL = "-O";
				VALIDATE_PRODUCT = YES;
			};
			name = Release;
		};
		65FB512020E255920012C800 /* Debug */ = {
			isa = XCBuildConfiguration;
			baseConfigurationReference = 0FAC942DD8B3B15C4637237B /* Pods-StanwoodAssignment.debug.xcconfig */;
			buildSettings = {
				ASSETCATALOG_COMPILER_APPICON_NAME = AppIcon;
				CODE_SIGN_STYLE = Automatic;
				DEVELOPMENT_TEAM = 72RGV8YA58;
				INFOPLIST_FILE = StanwoodAssignment/Info.plist;
				LD_RUNPATH_SEARCH_PATHS = (
					"$(inherited)",
					"@executable_path/Frameworks",
				);
				PRODUCT_BUNDLE_IDENTIFIER = xc.StanwoodAssignment;
				PRODUCT_NAME = "$(TARGET_NAME)";
				SWIFT_VERSION = 4.0;
				TARGETED_DEVICE_FAMILY = "1,2";
			};
			name = Debug;
		};
		65FB512120E255920012C800 /* Release */ = {
			isa = XCBuildConfiguration;
			baseConfigurationReference = E5A18FE90DE146985291F41E /* Pods-StanwoodAssignment.release.xcconfig */;
			buildSettings = {
				ASSETCATALOG_COMPILER_APPICON_NAME = AppIcon;
				CODE_SIGN_STYLE = Automatic;
				DEVELOPMENT_TEAM = 72RGV8YA58;
				INFOPLIST_FILE = StanwoodAssignment/Info.plist;
				LD_RUNPATH_SEARCH_PATHS = (
					"$(inherited)",
					"@executable_path/Frameworks",
				);
				PRODUCT_BUNDLE_IDENTIFIER = xc.StanwoodAssignment;
				PRODUCT_NAME = "$(TARGET_NAME)";
				SWIFT_VERSION = 4.0;
				TARGETED_DEVICE_FAMILY = "1,2";
			};
			name = Release;
		};
/* End XCBuildConfiguration section */

/* Begin XCConfigurationList section */
		65FB510820E255910012C800 /* Build configuration list for PBXProject "StanwoodAssignment" */ = {
			isa = XCConfigurationList;
			buildConfigurations = (
				65FB511D20E255920012C800 /* Debug */,
				65FB511E20E255920012C800 /* Release */,
			);
			defaultConfigurationIsVisible = 0;
			defaultConfigurationName = Release;
		};
		65FB511F20E255920012C800 /* Build configuration list for PBXNativeTarget "StanwoodAssignment" */ = {
			isa = XCConfigurationList;
			buildConfigurations = (
				65FB512020E255920012C800 /* Debug */,
				65FB512120E255920012C800 /* Release */,
			);
			defaultConfigurationIsVisible = 0;
			defaultConfigurationName = Release;
		};
/* End XCConfigurationList section */
	};
	rootObject = 65FB510520E255910012C800 /* Project object */;
}
